Microsoft Visual Studio Solution File, Format Version 12.00
# Visual Studio Version 17
VisualStudioVersion = 17.5.2.0
MinimumVisualStudioVersion = 10.0.40219.1
Project("{FAE04EC0-301F-11D3-BF4B-00C04F79EFBC}") = "coursemek2025", "coursemek2025\coursemek2025.csproj", "{8A645C90-5FFF-FA56-462B-3B32254340B7}"
EndProject
Global
	GlobalSection(SolutionConfigurationPlatforms) = preSolution
		Debug|Any CPU = Debug|Any CPU
		Release|Any CPU = Release|Any CPU
	EndGlobalSection
	GlobalSection(ProjectConfigurationPlatforms) = postSolution
		{8A645C90-5FFF-FA56-462B-3B32254340B7}.Debug|Any CPU.ActiveCfg = Debug|Any CPU
		{8A645C90-5FFF-FA56-462B-3B32254340B7}.Debug|Any CPU.Build.0 = Debug|Any CPU
		{8A645C90-5FFF-FA56-462B-3B32254340B7}.Release|Any CPU.ActiveCfg = Release|Any CPU
		{8A645C90-5FFF-FA56-462B-3B32254340B7}.Release|Any CPU.Build.0 = Release|Any CPU
	EndGlobalSection
	GlobalSection(SolutionProperties) = preSolution
		HideSolutionNode = FALSE
	EndGlobalSection
	GlobalSection(ExtensibilityGlobals) = postSolution
		SolutionGuid = {CFD44AEE-95A2-453D-B693-06B63B73767E}
	EndGlobalSection
EndGlobal
